
Microsoft Visual Studio Solution File, Format Version 12.00
# Visual Studio 15
VisualStudioVersion = 15.0.27130.2010
MinimumVisualStudioVersion = 10.0.40219.1
Project("{FAE04EC0-301F-11D3-BF4B-00C04F79EFBC}") = "ZooFeedingCalculator", "ZooFeedingCalculator\ZooFeedingCalculator.csproj", "{2F7032AC-A394-409C-8C62-D8DB81C4E1D9}"
EndProject
Project("{FAE04EC0-301F-11D3-BF4B-00C04F79EFBC}") = "ZooFeedingCalculatorTests", "ZooFeedingCalculatorTests\ZooFeedingCalculatorTests.csproj", "{34BB8ECF-3F6F-427B-B652-C0FFD191F709}"
EndProject
Global
	GlobalSection(SolutionConfigurationPlatforms) = preSolution
		Debug|Any CPU = Debug|Any CPU
		Release|Any CPU = Release|Any CPU
	EndGlobalSection
	GlobalSection(ProjectConfigurationPlatforms) = postSolution
		{2F7032AC-A394-409C-8C62-D8DB81C4E1D9}.Debug|Any CPU.ActiveCfg = Debug|Any CPU
		{2F7032AC-A394-409C-8C62-D8DB81C4E1D9}.Debug|Any CPU.Build.0 = Debug|Any CPU
		{2F7032AC-A394-409C-8C62-D8DB81C4E1D9}.Release|Any CPU.ActiveCfg = Release|Any CPU
		{2F7032AC-A394-409C-8C62-D8DB81C4E1D9}.Release|Any CPU.Build.0 = Release|Any CPU
		{34BB8ECF-3F6F-427B-B652-C0FFD191F709}.Debug|Any CPU.ActiveCfg = Debug|Any CPU
		{34BB8ECF-3F6F-427B-B652-C0FFD191F709}.Debug|Any CPU.Build.0 = Debug|Any CPU
		{34BB8ECF-3F6F-427B-B652-C0FFD191F709}.Release|Any CPU.ActiveCfg = Release|Any CPU
		{34BB8ECF-3F6F-427B-B652-C0FFD191F709}.Release|Any CPU.Build.0 = Release|Any CPU
	EndGlobalSection
	GlobalSection(SolutionProperties) = preSolution
		HideSolutionNode = FALSE
	EndGlobalSection
	GlobalSection(ExtensibilityGlobals) = postSolution
		SolutionGuid = {3BC2CF89-A0A0-421C-A65A-068BF596A5D5}
	EndGlobalSection
EndGlobal
